# THIS IS AN AUTOGENERATED FILE. DO NOT EDIT THIS FILE DIRECTLY.
# yarn lockfile v1


word-table@^1.0.3:
  version "1.0.3"
  resolved "https://registry.yarnpkg.com/word-table/-/word-table-1.0.3.tgz#6af5aa1fc48e7b17f8f8fbbd315bf6e98e9aa033"
  integrity sha1-avWqH8SOexf4+Pu9MVv26Y6aoDM=
  dependencies:
    word-width "^1.0.1"

word-width@^1.0.1:
  version "1.0.1"
  resolved "https://registry.yarnpkg.com/word-width/-/word-width-1.0.1.tgz#ae19c8077a8f19baea3f7693b27f2738094398f2"
  integrity sha1-rhnIB3qPGbrqP3aTsn8nOAlDmPI=
